
Microsoft Visual Studio Solution File, Format Version 12.00
# Visual Studio Version 16
VisualStudioVersion = 16.0.31205.134
MinimumVisualStudioVersion = 10.0.40219.1
Project("{FAE04EC0-301F-11D3-BF4B-00C04F79EFBC}") = "MyPersonalApi.DAL", "MyPersonalApi.DAL\MyPersonalApi.DAL.csproj", "{AC7E826E-8BB0-4FA4-8FAF-76E7A264D60B}"
EndProject
Project("{FAE04EC0-301F-11D3-BF4B-00C04F79EFBC}") = "MyPersonalApi.BSL", "MyPersonalApi.BSL\MyPersonalApi.BSL.csproj", "{90800194-BCE9-462A-8CD9-D97D8A27A781}"
EndProject
Project("{9A19103F-16F7-4668-BE54-9A1E7A4F7556}") = "MyPersonalApi.Service", "MyPersonalApi.Service\MyPersonalApi.Service.csproj", "{80B31D1A-2965-45E7-9D12-EA56A475B4EA}"
EndProject
Global
	GlobalSection(SolutionConfigurationPlatforms) = preSolution
		Debug|Any CPU = Debug|Any CPU
		Release|Any CPU = Release|Any CPU
	EndGlobalSection
	GlobalSection(ProjectConfigurationPlatforms) = postSolution
		{AC7E826E-8BB0-4FA4-8FAF-76E7A264D60B}.Debug|Any CPU.ActiveCfg = Debug|Any CPU
		{AC7E826E-8BB0-4FA4-8FAF-76E7A264D60B}.Debug|Any CPU.Build.0 = Debug|Any CPU
		{AC7E826E-8BB0-4FA4-8FAF-76E7A264D60B}.Release|Any CPU.ActiveCfg = Release|Any CPU
		{AC7E826E-8BB0-4FA4-8FAF-76E7A264D60B}.Release|Any CPU.Build.0 = Release|Any CPU
		{90800194-BCE9-462A-8CD9-D97D8A27A781}.Debug|Any CPU.ActiveCfg = Debug|Any CPU
		{90800194-BCE9-462A-8CD9-D97D8A27A781}.Debug|Any CPU.Build.0 = Debug|Any CPU
		{90800194-BCE9-462A-8CD9-D97D8A27A781}.Release|Any CPU.ActiveCfg = Release|Any CPU
		{90800194-BCE9-462A-8CD9-D97D8A27A781}.Release|Any CPU.Build.0 = Release|Any CPU
		{80B31D1A-2965-45E7-9D12-EA56A475B4EA}.Debug|Any CPU.ActiveCfg = Debug|Any CPU
		{80B31D1A-2965-45E7-9D12-EA56A475B4EA}.Debug|Any CPU.Build.0 = Debug|Any CPU
		{80B31D1A-2965-45E7-9D12-EA56A475B4EA}.Release|Any CPU.ActiveCfg = Release|Any CPU
		{80B31D1A-2965-45E7-9D12-EA56A475B4EA}.Release|Any CPU.Build.0 = Release|Any CPU
	EndGlobalSection
	GlobalSection(SolutionProperties) = preSolution
		HideSolutionNode = FALSE
	EndGlobalSection
	GlobalSection(ExtensibilityGlobals) = postSolution
		SolutionGuid = {13D8FB93-383D-4CB3-80A4-632FAD00FD05}
	EndGlobalSection
EndGlobal
